
Microsoft Visual Studio Solution File, Format Version 12.00
# Visual Studio Version 17
VisualStudioVersion = 17.7.34221.43
MinimumVisualStudioVersion = 10.0.40219.1
Project("{FAE04EC0-301F-11D3-BF4B-00C04F79EFBC}") = "ConsoleAppLearnTryCatch", "ConsoleAppLearnTryCatch.csproj", "{4081D93D-D144-4453-9205-D9EF092F2D47}"
EndProject
Global
	GlobalSection(SolutionConfigurationPlatforms) = preSolution
		Debug|Any CPU = Debug|Any CPU
		Release|Any CPU = Release|Any CPU
	EndGlobalSection
	GlobalSection(ProjectConfigurationPlatforms) = postSolution
		{4081D93D-D144-4453-9205-D9EF092F2D47}.Debug|Any CPU.ActiveCfg = Debug|Any CPU
		{4081D93D-D144-4453-9205-D9EF092F2D47}.Debug|Any CPU.Build.0 = Debug|Any CPU
		{4081D93D-D144-4453-9205-D9EF092F2D47}.Release|Any CPU.ActiveCfg = Release|Any CPU
		{4081D93D-D144-4453-9205-D9EF092F2D47}.Release|Any CPU.Build.0 = Release|Any CPU
	EndGlobalSection
	GlobalSection(SolutionProperties) = preSolution
		HideSolutionNode = FALSE
	EndGlobalSection
	GlobalSection(ExtensibilityGlobals) = postSolution
		SolutionGuid = {0EE5E654-8606-473B-8702-90F6BEABC909}
	EndGlobalSection
EndGlobal
